
Microsoft Visual Studio Solution File, Format Version 12.00
# Visual Studio Version 17
VisualStudioVersion = 17.6.33829.357
MinimumVisualStudioVersion = 10.0.40219.1
Project("{FAE04EC0-301F-11D3-BF4B-00C04F79EFBC}") = "TCP_Socket_Programming_Example", "TCP_Socket_Programming_Example\TCP_Socket_Programming_Example.csproj", "{2576BC72-6B5C-443C-9EBD-60E0FE728B9E}"
EndProject
Global
	GlobalSection(SolutionConfigurationPlatforms) = preSolution
		Debug|Any CPU = Debug|Any CPU
		Release|Any CPU = Release|Any CPU
	EndGlobalSection
	GlobalSection(ProjectConfigurationPlatforms) = postSolution
		{2576BC72-6B5C-443C-9EBD-60E0FE728B9E}.Debug|Any CPU.ActiveCfg = Debug|Any CPU
		{2576BC72-6B5C-443C-9EBD-60E0FE728B9E}.Debug|Any CPU.Build.0 = Debug|Any CPU
		{2576BC72-6B5C-443C-9EBD-60E0FE728B9E}.Release|Any CPU.ActiveCfg = Release|Any CPU
		{2576BC72-6B5C-443C-9EBD-60E0FE728B9E}.Release|Any CPU.Build.0 = Release|Any CPU
	EndGlobalSection
	GlobalSection(SolutionProperties) = preSolution
		HideSolutionNode = FALSE
	EndGlobalSection
	GlobalSection(ExtensibilityGlobals) = postSolution
		SolutionGuid = {20B1F61D-8E36-4C09-ADD3-B518092314E8}
	EndGlobalSection
EndGlobal
